
Microsoft Visual Studio Solution File, Format Version 12.00
# Visual Studio Version 16
VisualStudioVersion = 16.0.30621.155
MinimumVisualStudioVersion = 10.0.40219.1
Project("{FAE04EC0-301F-11D3-BF4B-00C04F79EFBC}") = "MelonManager", "MelonManager\MelonManager.csproj", "{600543C3-AE7E-4AC7-8540-D4C110BE121A}"
EndProject
Global
	GlobalSection(SolutionConfigurationPlatforms) = preSolution
		Debug|Any CPU = Debug|Any CPU
		Release|Any CPU = Release|Any CPU
	EndGlobalSection
	GlobalSection(ProjectConfigurationPlatforms) = postSolution
		{600543C3-AE7E-4AC7-8540-D4C110BE121A}.Debug|Any CPU.ActiveCfg = Debug|Any CPU
		{600543C3-AE7E-4AC7-8540-D4C110BE121A}.Debug|Any CPU.Build.0 = Debug|Any CPU
		{600543C3-AE7E-4AC7-8540-D4C110BE121A}.Release|Any CPU.ActiveCfg = Release|Any CPU
		{600543C3-AE7E-4AC7-8540-D4C110BE121A}.Release|Any CPU.Build.0 = Release|Any CPU
	EndGlobalSection
	GlobalSection(SolutionProperties) = preSolution
		HideSolutionNode = FALSE
	EndGlobalSection
	GlobalSection(ExtensibilityGlobals) = postSolution
		SolutionGuid = {ACAD4E8C-C08F-4F2C-A1DC-DFFC0408C14A}
	EndGlobalSection
EndGlobal
